# This file is automatically @generated by Cargo.
# It is not intended for manual editing.
version = 3

[[package]]
name = "dep1"
version = "0.1.0"
dependencies = [
 "mytestcrate",
]

[[package]]
name = "mytestcrate"
version = "0.3.0"
source = "registry+https://github.com/rust-lang/crates.io-index"
checksum = "cb5d2d8d45cbb74d841c9ca95c80129e491fba282d7e6a4a9edb146eb68c9a7c"

[[package]]
name = "test_diff_version_crate"
version = "0.1.0"
dependencies = [
 "dep1",
 "mytestcrate",
]
